
Microsoft Visual Studio Solution File, Format Version 12.00
# Visual Studio Version 17
VisualStudioVersion = 17.10.34928.147
MinimumVisualStudioVersion = 10.0.40219.1
Project("{9A19103F-16F7-4668-BE54-9A1E7A4F7556}") = "UrlShortener.WebAPI", "UrlShortener.WebAPI\UrlShortener.WebAPI.csproj", "{7FB057C6-AB4D-4BC3-B528-0B12017A7E66}"
EndProject
Project("{9A19103F-16F7-4668-BE54-9A1E7A4F7556}") = "UrlShortener.BussinessLogic", "UrlShortener.BussinessLogic\UrlShortener.BussinessLogic.csproj", "{111F8D4C-7318-48C4-8F54-EB3C910084AA}"
EndProject
Project("{9A19103F-16F7-4668-BE54-9A1E7A4F7556}") = "UrlShortener.DataAccess", "UrlShortener.DataAccess\UrlShortener.DataAccess.csproj", "{C9D3FEAD-362B-4FF7-91F1-95633EDB861E}"
EndProject
Project("{9A19103F-16F7-4668-BE54-9A1E7A4F7556}") = "UrlShortener.Infrastructure", "UrlShortener.Infrastructure\UrlShortener.Infrastructure.csproj", "{8FC51675-11C3-4B05-B6BA-BE0C2E292866}"
EndProject
Global
	GlobalSection(SolutionConfigurationPlatforms) = preSolution
		Debug|Any CPU = Debug|Any CPU
		Release|Any CPU = Release|Any CPU
	EndGlobalSection
	GlobalSection(ProjectConfigurationPlatforms) = postSolution
		{7FB057C6-AB4D-4BC3-B528-0B12017A7E66}.Debug|Any CPU.ActiveCfg = Debug|Any CPU
		{7FB057C6-AB4D-4BC3-B528-0B12017A7E66}.Debug|Any CPU.Build.0 = Debug|Any CPU
		{7FB057C6-AB4D-4BC3-B528-0B12017A7E66}.Release|Any CPU.ActiveCfg = Release|Any CPU
		{7FB057C6-AB4D-4BC3-B528-0B12017A7E66}.Release|Any CPU.Build.0 = Release|Any CPU
		{111F8D4C-7318-48C4-8F54-EB3C910084AA}.Debug|Any CPU.ActiveCfg = Debug|Any CPU
		{111F8D4C-7318-48C4-8F54-EB3C910084AA}.Debug|Any CPU.Build.0 = Debug|Any CPU
		{111F8D4C-7318-48C4-8F54-EB3C910084AA}.Release|Any CPU.ActiveCfg = Release|Any CPU
		{111F8D4C-7318-48C4-8F54-EB3C910084AA}.Release|Any CPU.Build.0 = Release|Any CPU
		{C9D3FEAD-362B-4FF7-91F1-95633EDB861E}.Debug|Any CPU.ActiveCfg = Debug|Any CPU
		{C9D3FEAD-362B-4FF7-91F1-95633EDB861E}.Debug|Any CPU.Build.0 = Debug|Any CPU
		{C9D3FEAD-362B-4FF7-91F1-95633EDB861E}.Release|Any CPU.ActiveCfg = Release|Any CPU
		{C9D3FEAD-362B-4FF7-91F1-95633EDB861E}.Release|Any CPU.Build.0 = Release|Any CPU
		{8FC51675-11C3-4B05-B6BA-BE0C2E292866}.Debug|Any CPU.ActiveCfg = Debug|Any CPU
		{8FC51675-11C3-4B05-B6BA-BE0C2E292866}.Debug|Any CPU.Build.0 = Debug|Any CPU
		{8FC51675-11C3-4B05-B6BA-BE0C2E292866}.Release|Any CPU.ActiveCfg = Release|Any CPU
		{8FC51675-11C3-4B05-B6BA-BE0C2E292866}.Release|Any CPU.Build.0 = Release|Any CPU
	EndGlobalSection
	GlobalSection(SolutionProperties) = preSolution
		HideSolutionNode = FALSE
	EndGlobalSection
	GlobalSection(ExtensibilityGlobals) = postSolution
		SolutionGuid = {20224EFE-0D1B-49C0-B84D-DDBE3E913E1A}
	EndGlobalSection
EndGlobal
